
Microsoft Visual Studio Solution File, Format Version 12.00
# Visual Studio Version 17
VisualStudioVersion = 17.11.35312.102
MinimumVisualStudioVersion = 10.0.40219.1
Project("{9A19103F-16F7-4668-BE54-9A1E7A4F7556}") = "SampleBackend", "SampleBackend\SampleBackend.csproj", "{8615488E-7DE1-4C3E-AF0B-924B609E4FC9}"
EndProject
Project("{9A19103F-16F7-4668-BE54-9A1E7A4F7556}") = "SimpleBackend.Application", "SimpleBackend.Application\SimpleBackend.Application.csproj", "{CB3DCA22-D6C0-48FE-9F4A-37AE0BD861F9}"
EndProject
Project("{9A19103F-16F7-4668-BE54-9A1E7A4F7556}") = "SimpleBackend.Application.Tests", "SimpleBackend.Application.Tests\SimpleBackend.Application.Tests.csproj", "{31E21FCE-5398-4480-875D-B5CD66A2235E}"
EndProject
Project("{9A19103F-16F7-4668-BE54-9A1E7A4F7556}") = "SampleBackend.Persistence", "SampleBackend.Persistence\SampleBackend.Persistence.csproj", "{13C40E4B-CDD3-4F92-95E7-7E1A27195D5F}"
EndProject
Project("{FAE04EC0-301F-11D3-BF4B-00C04F79EFBC}") = "SampleBackend.Persistence.Tests", "SampleBackend.Persistence.Tests\SampleBackend.Persistence.Tests.csproj", "{5536E169-E4F3-459B-8882-5FB9B40FA894}"
EndProject
Global
	GlobalSection(SolutionConfigurationPlatforms) = preSolution
		Debug|Any CPU = Debug|Any CPU
		Release|Any CPU = Release|Any CPU
	EndGlobalSection
	GlobalSection(ProjectConfigurationPlatforms) = postSolution
		{8615488E-7DE1-4C3E-AF0B-924B609E4FC9}.Debug|Any CPU.ActiveCfg = Debug|Any CPU
		{8615488E-7DE1-4C3E-AF0B-924B609E4FC9}.Debug|Any CPU.Build.0 = Debug|Any CPU
		{8615488E-7DE1-4C3E-AF0B-924B609E4FC9}.Release|Any CPU.ActiveCfg = Release|Any CPU
		{8615488E-7DE1-4C3E-AF0B-924B609E4FC9}.Release|Any CPU.Build.0 = Release|Any CPU
		{CB3DCA22-D6C0-48FE-9F4A-37AE0BD861F9}.Debug|Any CPU.ActiveCfg = Debug|Any CPU
		{CB3DCA22-D6C0-48FE-9F4A-37AE0BD861F9}.Debug|Any CPU.Build.0 = Debug|Any CPU
		{CB3DCA22-D6C0-48FE-9F4A-37AE0BD861F9}.Release|Any CPU.ActiveCfg = Release|Any CPU
		{CB3DCA22-D6C0-48FE-9F4A-37AE0BD861F9}.Release|Any CPU.Build.0 = Release|Any CPU
		{31E21FCE-5398-4480-875D-B5CD66A2235E}.Debug|Any CPU.ActiveCfg = Debug|Any CPU
		{31E21FCE-5398-4480-875D-B5CD66A2235E}.Debug|Any CPU.Build.0 = Debug|Any CPU
		{31E21FCE-5398-4480-875D-B5CD66A2235E}.Release|Any CPU.ActiveCfg = Release|Any CPU
		{31E21FCE-5398-4480-875D-B5CD66A2235E}.Release|Any CPU.Build.0 = Release|Any CPU
		{13C40E4B-CDD3-4F92-95E7-7E1A27195D5F}.Debug|Any CPU.ActiveCfg = Debug|Any CPU
		{13C40E4B-CDD3-4F92-95E7-7E1A27195D5F}.Debug|Any CPU.Build.0 = Debug|Any CPU
		{13C40E4B-CDD3-4F92-95E7-7E1A27195D5F}.Release|Any CPU.ActiveCfg = Release|Any CPU
		{13C40E4B-CDD3-4F92-95E7-7E1A27195D5F}.Release|Any CPU.Build.0 = Release|Any CPU
		{5536E169-E4F3-459B-8882-5FB9B40FA894}.Debug|Any CPU.ActiveCfg = Debug|Any CPU
		{5536E169-E4F3-459B-8882-5FB9B40FA894}.Debug|Any CPU.Build.0 = Debug|Any CPU
		{5536E169-E4F3-459B-8882-5FB9B40FA894}.Release|Any CPU.ActiveCfg = Release|Any CPU
		{5536E169-E4F3-459B-8882-5FB9B40FA894}.Release|Any CPU.Build.0 = Release|Any CPU
	EndGlobalSection
	GlobalSection(SolutionProperties) = preSolution
		HideSolutionNode = FALSE
	EndGlobalSection
	GlobalSection(ExtensibilityGlobals) = postSolution
		SolutionGuid = {6CDA6DCA-B4CD-4A07-9DE7-FC74A7823545}
	EndGlobalSection
EndGlobal
